
Microsoft Visual Studio Solution File, Format Version 12.00
# Visual Studio Version 17
VisualStudioVersion = 17.8.34316.72
MinimumVisualStudioVersion = 10.0.40219.1
Project("{9A19103F-16F7-4668-BE54-9A1E7A4F7556}") = "Lab2", "Lab2\Lab2.csproj", "{5D760960-28B4-4389-821B-94EBB894D34F}"
EndProject
Project("{FAE04EC0-301F-11D3-BF4B-00C04F79EFBC}") = "Lab2.Test", "Lab2.Test\Lab2.Test.csproj", "{5D6D046B-1812-464B-BE9C-DABCFFBD4B9D}"
EndProject
Global
	GlobalSection(SolutionConfigurationPlatforms) = preSolution
		Debug|Any CPU = Debug|Any CPU
		Release|Any CPU = Release|Any CPU
	EndGlobalSection
	GlobalSection(ProjectConfigurationPlatforms) = postSolution
		{5D760960-28B4-4389-821B-94EBB894D34F}.Debug|Any CPU.ActiveCfg = Debug|Any CPU
		{5D760960-28B4-4389-821B-94EBB894D34F}.Debug|Any CPU.Build.0 = Debug|Any CPU
		{5D760960-28B4-4389-821B-94EBB894D34F}.Release|Any CPU.ActiveCfg = Release|Any CPU
		{5D760960-28B4-4389-821B-94EBB894D34F}.Release|Any CPU.Build.0 = Release|Any CPU
		{5D6D046B-1812-464B-BE9C-DABCFFBD4B9D}.Debug|Any CPU.ActiveCfg = Debug|Any CPU
		{5D6D046B-1812-464B-BE9C-DABCFFBD4B9D}.Debug|Any CPU.Build.0 = Debug|Any CPU
		{5D6D046B-1812-464B-BE9C-DABCFFBD4B9D}.Release|Any CPU.ActiveCfg = Release|Any CPU
		{5D6D046B-1812-464B-BE9C-DABCFFBD4B9D}.Release|Any CPU.Build.0 = Release|Any CPU
	EndGlobalSection
	GlobalSection(SolutionProperties) = preSolution
		HideSolutionNode = FALSE
	EndGlobalSection
	GlobalSection(ExtensibilityGlobals) = postSolution
		SolutionGuid = {8757ED8D-0504-40E8-8644-F1A83266CB03}
	EndGlobalSection
EndGlobal
